// !$*UTF8*$!
{
	archiveVersion = 1;
	classes = {
	};
	objectVersion = 55;
	objects = {

/* Begin PBXBuildFile section */
		CB49B4DF28DED08100961B92 /* fitnessApp.swift in Sources */ = {isa = PBXBuildFile; fileRef = CB49B4DE28DED08100961B92 /* fitnessApp.swift */; };
		CB49B4E128DED08100961B92 /* ContentView.swift in Sources */ = {isa = PBXBuildFile; fileRef = CB49B4E028DED08100961B92 /* ContentView.swift */; };
		CB49B4E328DED08400961B92 /* Assets.xcassets in Resources */ = {isa = PBXBuildFile; fileRef = CB49B4E228DED08400961B92 /* Assets.xcassets */; };
		CB49B4E628DED08400961B92 /* Preview Assets.xcassets in Resources */ = {isa = PBXBuildFile; fileRef = CB49B4E528DED08400961B92 /* Preview Assets.xcassets */; };
		CB49B4ED28DED60800961B92 /* Navigator.swift in Sources */ = {isa = PBXBuildFile; fileRef = CB49B4EC28DED60800961B92 /* Navigator.swift */; };
		CB6199D028E5A49A009DED72 /* weight page.swift in Sources */ = {isa = PBXBuildFile; fileRef = CB6199CF28E5A49A009DED72 /* weight page.swift */; };
		CBB246F228E0733E0092FFFA /* second page.swift in Sources */ = {isa = PBXBuildFile; fileRef = CBB246F128E0733E0092FFFA /* second page.swift */; };
		CBB246F428E190080092FFFA /* roundedshape.swift in Sources */ = {isa = PBXBuildFile; fileRef = CBB246F328E190080092FFFA /* roundedshape.swift */; };
		CBB246F628E19BC70092FFFA /* custominputfield.swift in Sources */ = {isa = PBXBuildFile; fileRef = CBB246F528E19BC70092FFFA /* custominputfield.swift */; };
/* End PBXBuildFile section */

/* Begin PBXFileReference section */
		CB49B4DB28DED08100961B92 /* fitness.app */ = {isa = PBXFileReference; explicitFileType = wrapper.application; includeInIndex = 0; path = fitness.app; sourceTree = BUILT_PRODUCTS_DIR; };
		CB49B4DE28DED08100961B92 /* fitnessApp.swift */ = {isa = PBXFileReference; lastKnownFileType = sourcecode.swift; path = fitnessApp.swift; sourceTree = "<group>"; };
		CB49B4E028DED08100961B92 /* ContentView.swift */ = {isa = PBXFileReference; lastKnownFileType = sourcecode.swift; path = ContentView.swift; sourceTree = "<group>"; };
		CB49B4E228DED08400961B92 /* Assets.xcassets */ = {isa = PBXFileReference; lastKnownFileType = folder.assetcatalog; path = Assets.xcassets; sourceTree = "<group>"; };
		CB49B4E528DED08400961B92 /* Preview Assets.xcassets */ = {isa = PBXFileReference; lastKnownFileType = folder.assetcatalog; path = "Preview Assets.xcassets"; sourceTree = "<group>"; };
		CB49B4EC28DED60800961B92 /* Navigator.swift */ = {isa = PBXFileReference; lastKnownFileType = sourcecode.swift; path = Navigator.swift; sourceTree = "<group>"; };
		CB6199CF28E5A49A009DED72 /* weight page.swift */ = {isa = PBXFileReference; lastKnownFileType = sourcecode.swift; path = "weight page.swift"; sourceTree = "<group>"; };
		CBB246F128E0733E0092FFFA /* second page.swift */ = {isa = PBXFileReference; lastKnownFileType = sourcecode.swift; path = "second page.swift"; sourceTree = "<group>"; };
		CBB246F328E190080092FFFA /* roundedshape.swift */ = {isa = PBXFileReference; lastKnownFileType = sourcecode.swift; path = roundedshape.swift; sourceTree = "<group>"; };
		CBB246F528E19BC70092FFFA /* custominputfield.swift */ = {isa = PBXFileReference; lastKnownFileType = sourcecode.swift; path = custominputfield.swift; sourceTree = "<group>"; };
/* End PBXFileReference section */

/* Begin PBXFrameworksBuildPhase section */
		CB49B4D828DED08100961B92 /* Frameworks */ = {
			isa = PBXFrameworksBuildPhase;
			buildActionMask = 2147483647;
			files = (
			);
			runOnlyForDeploymentPostprocessing = 0;
		};
/* End PBXFrameworksBuildPhase section */

/* Begin PBXGroup section */
		CB49B4D228DED08100961B92 = {
			isa = PBXGroup;
			children = (
				CB49B4DD28DED08100961B92 /* fitness */,
				CB49B4DC28DED08100961B92 /* Products */,
			);
			sourceTree = "<group>";
		};
		CB49B4DC28DED08100961B92 /* Products */ = {
			isa = PBXGroup;
			children = (
				CB49B4DB28DED08100961B92 /* fitness.app */,
			);
			name = Products;
			sourceTree = "<group>";
		};
		CB49B4DD28DED08100961B92 /* fitness */ = {
			isa = PBXGroup;
			children = (
				CBB246F728E1A36B0092FFFA /* components */,
				CB49B4DE28DED08100961B92 /* fitnessApp.swift */,
				CB49B4EC28DED60800961B92 /* Navigator.swift */,
				CBB246F128E0733E0092FFFA /* second page.swift */,
				CB6199CF28E5A49A009DED72 /* weight page.swift */,
				CB49B4E028DED08100961B92 /* ContentView.swift */,
				CB49B4E228DED08400961B92 /* Assets.xcassets */,
				CB49B4E428DED08400961B92 /* Preview Content */,
			);
			path = fitness;
			sourceTree = "<group>";
		};
		CB49B4E428DED08400961B92 /* Preview Content */ = {
			isa = PBXGroup;
			children = (
				CB49B4E528DED08400961B92 /* Preview Assets.xcassets */,
			);
			path = "Preview Content";
			sourceTree = "<group>";
		};
		CBB246F728E1A36B0092FFFA /* components */ = {
			isa = PBXGroup;
			children = (
				CBB246F328E190080092FFFA /* roundedshape.swift */,
				CBB246F528E19BC70092FFFA /* custominputfield.swift */,
			);
			path = components;
			sourceTree = "<group>";
		};
/* End PBXGroup section */

/* Begin PBXNativeTarget section */
		CB49B4DA28DED08100961B92 /* fitness */ = {
			isa = PBXNativeTarget;
			buildConfigurationList = CB49B4E928DED08400961B92 /* Build configuration list for PBXNativeTarget "fitness" */;
			buildPhases = (
				CB49B4D728DED08100961B92 /* Sources */,
				CB49B4D828DED08100961B92 /* Frameworks */,
				CB49B4D928DED08100961B92 /* Resources */,
			);
			buildRules = (
			);
			dependencies = (
			);
			name = fitness;
			productName = fitness;
			productReference = CB49B4DB28DED08100961B92 /* fitness.app */;
			productType = "com.apple.product-type.application";
		};
/* End PBXNativeTarget section */

/* Begin PBXProject section */
		CB49B4D328DED08100961B92 /* Project object */ = {
			isa = PBXProject;
			attributes = {
				BuildIndependentTargetsInParallel = 1;
				LastSwiftUpdateCheck = 1340;
				LastUpgradeCheck = 1340;
				TargetAttributes = {
					CB49B4DA28DED08100961B92 = {
						CreatedOnToolsVersion = 13.4.1;
					};
				};
			};
			buildConfigurationList = CB49B4D628DED08100961B92 /* Build configuration list for PBXProject "fitness" */;
			compatibilityVersion = "Xcode 13.0";
			developmentRegion = en;
			hasScannedForEncodings = 0;
			knownRegions = (
				en,
				Base,
			);
			mainGroup = CB49B4D228DED08100961B92;
			productRefGroup = CB49B4DC28DED08100961B92 /* Products */;
			projectDirPath = "";
			projectRoot = "";
			targets = (
				CB49B4DA28DED08100961B92 /* fitness */,
			);
		};
/* End PBXProject section */

/* Begin PBXResourcesBuildPhase section */
		CB49B4D928DED08100961B92 /* Resources */ = {
			isa = PBXResourcesBuildPhase;
			buildActionMask = 2147483647;
			files = (
				CB49B4E628DED08400961B92 /* Preview Assets.xcassets in Resources */,
				CB49B4E328DED08400961B92 /* Assets.xcassets in Resources */,
			);
			runOnlyForDeploymentPostprocessing = 0;
		};
/* End PBXResourcesBuildPhase section */

/* Begin PBXSourcesBuildPhase section */
		CB49B4D728DED08100961B92 /* Sources */ = {
			isa = PBXSourcesBuildPhase;
			buildActionMask = 2147483647;
			files = (
				CBB246F428E190080092FFFA /* roundedshape.swift in Sources */,
				CB6199D028E5A49A009DED72 /* weight page.swift in Sources */,
				CB49B4E128DED08100961B92 /* ContentView.swift in Sources */,
				CBB246F628E19BC70092FFFA /* custominputfield.swift in Sources */,
				CBB246F228E0733E0092FFFA /* second page.swift in Sources */,
				CB49B4DF28DED08100961B92 /* fitnessApp.swift in Sources */,
				CB49B4ED28DED60800961B92 /* Navigator.swift in Sources */,
			);
			runOnlyForDeploymentPostprocessing = 0;
		};
/* End PBXSourcesBuildPhase section */

/* Begin XCBuildConfiguration section */
		CB49B4E728DED08400961B92 /* Debug */ = {
			isa = XCBuildConfiguration;
			buildSettings = {
				ALWAYS_SEARCH_USER_PATHS = NO;
				CLANG_ANALYZER_NONNULL = YES;
				CLANG_ANALYZER_NUMBER_OBJECT_CONVERSION = YES_AGGRESSIVE;
				CLANG_CXX_LANGUAGE_STANDARD = "gnu++17";
				CLANG_ENABLE_MODULES = YES;
				CLANG_ENABLE_OBJC_ARC = YES;
				CLANG_ENABLE_OBJC_WEAK = YES;
				CLANG_WARN_BLOCK_CAPTURE_AUTORELEASING = YES;
				CLANG_WARN_BOOL_CONVERSION = YES;
				CLANG_WARN_COMMA = YES;
				CLANG_WARN_CONSTANT_CONVERSION = YES;
				CLANG_WARN_DEPRECATED_OBJC_IMPLEMENTATIONS = YES;
				CLANG_WARN_DIRECT_OBJC_ISA_USAGE = YES_ERROR;
				CLANG_WARN_DOCUMENTATION_COMMENTS = YES;
				CLANG_WARN_EMPTY_BODY = YES;
				CLANG_WARN_ENUM_CONVERSION = YES;
				CLANG_WARN_INFINITE_RECURSION = YES;
				CLANG_WARN_INT_CONVERSION = YES;
				CLANG_WARN_NON_LITERAL_NULL_CONVERSION = YES;
				CLANG_WARN_OBJC_IMPLICIT_RETAIN_SELF = YES;
				CLANG_WARN_OBJC_LITERAL_CONVERSION = YES;
				CLANG_WARN_OBJC_ROOT_CLASS = YES_ERROR;
				CLANG_WARN_QUOTED_INCLUDE_IN_FRAMEWORK_HEADER = YES;
				CLANG_WARN_RANGE_LOOP_ANALYSIS = YES;
				CLANG_WARN_STRICT_PROTOTYPES = YES;
				CLANG_WARN_SUSPICIOUS_MOVE = YES;
				CLANG_WARN_UNGUARDED_AVAILABILITY = YES_AGGRESSIVE;
				CLANG_WARN_UNREACHABLE_CODE = YES;
				CLANG_WARN__DUPLICATE_METHOD_MATCH = YES;
				COPY_PHASE_STRIP = NO;
				DEBUG_INFORMATION_FORMAT = dwarf;
				ENABLE_STRICT_OBJC_MSGSEND = YES;
				ENABLE_TESTABILITY = YES;
				GCC_C_LANGUAGE_STANDARD = gnu11;
				GCC_DYNAMIC_NO_PIC = NO;
				GCC_NO_COMMON_BLOCKS = YES;
				GCC_OPTIMIZATION_LEVEL = 0;
				GCC_PREPROCESSOR_DEFINITIONS = (
					"DEBUG=1",
					"$(inherited)",
				);
				GCC_WARN_64_TO_32_BIT_CONVERSION = YES;
				GCC_WARN_ABOUT_RETURN_TYPE = YES_ERROR;
				GCC_WARN_UNDECLARED_SELECTOR = YES;
				GCC_WARN_UNINITIALIZED_AUTOS = YES_AGGRESSIVE;
				GCC_WARN_UNUSED_FUNCTION = YES;
				GCC_WARN_UNUSED_VARIABLE = YES;
				IPHONEOS_DEPLOYMENT_TARGET = 15.5;
				MTL_ENABLE_DEBUG_INFO = INCLUDE_SOURCE;
				MTL_FAST_MATH = YES;
				ONLY_ACTIVE_ARCH = YES;
				SDKROOT = iphoneos;
				SWIFT_ACTIVE_COMPILATION_CONDITIONS = DEBUG;
				SWIFT_OPTIMIZATION_LEVEL = "-Onone";
			};
			name = Debug;
		};
		CB49B4E828DED08400961B92 /* Release */ = {
			isa = XCBuildConfiguration;
			buildSettings = {
				ALWAYS_SEARCH_USER_PATHS = NO;
				CLANG_ANALYZER_NONNULL = YES;
				CLANG_ANALYZER_NUMBER_OBJECT_CONVERSION = YES_AGGRESSIVE;
				CLANG_CXX_LANGUAGE_STANDARD = "gnu++17";
				CLANG_ENABLE_MODULES = YES;
				CLANG_ENABLE_OBJC_ARC = YES;
				CLANG_ENABLE_OBJC_WEAK = YES;
				CLANG_WARN_BLOCK_CAPTURE_AUTORELEASING = YES;
				CLANG_WARN_BOOL_CONVERSION = YES;
				CLANG_WARN_COMMA = YES;
				CLANG_WARN_CONSTANT_CONVERSION = YES;
				CLANG_WARN_DEPRECATED_OBJC_IMPLEMENTATIONS = YES;
				CLANG_WARN_DIRECT_OBJC_ISA_USAGE = YES_ERROR;
				CLANG_WARN_DOCUMENTATION_COMMENTS = YES;
				CLANG_WARN_EMPTY_BODY = YES;
				CLANG_WARN_ENUM_CONVERSION = YES;
				CLANG_WARN_INFINITE_RECURSION = YES;
				CLANG_WARN_INT_CONVERSION = YES;
				CLANG_WARN_NON_LITERAL_NULL_CONVERSION = YES;
				CLANG_WARN_OBJC_IMPLICIT_RETAIN_SELF = YES;
				CLANG_WARN_OBJC_LITERAL_CONVERSION = YES;
				CLANG_WARN_OBJC_ROOT_CLASS = YES_ERROR;
				CLANG_WARN_QUOTED_INCLUDE_IN_FRAMEWORK_HEADER = YES;
				CLANG_WARN_RANGE_LOOP_ANALYSIS = YES;
				CLANG_WARN_STRICT_PROTOTYPES = YES;
				CLANG_WARN_SUSPICIOUS_MOVE = YES;
				CLANG_WARN_UNGUARDED_AVAILABILITY = YES_AGGRESSIVE;
				CLANG_WARN_UNREACHABLE_CODE = YES;
				CLANG_WARN__DUPLICATE_METHOD_MATCH = YES;
				COPY_PHASE_STRIP = NO;
				DEBUG_INFORMATION_FORMAT = "dwarf-with-dsym";
				ENABLE_NS_ASSERTIONS = NO;
				ENABLE_STRICT_OBJC_MSGSEND = YES;
				GCC_C_LANGUAGE_STANDARD = gnu11;
				GCC_NO_COMMON_BLOCKS = YES;
				GCC_WARN_64_TO_32_BIT_CONVERSION = YES;
				GCC_WARN_ABOUT_RETURN_TYPE = YES_ERROR;
				GCC_WARN_UNDECLARED_SELECTOR = YES;
				GCC_WARN_UNINITIALIZED_AUTOS = YES_AGGRESSIVE;
				GCC_WARN_UNUSED_FUNCTION = YES;
				GCC_WARN_UNUSED_VARIABLE = YES;
				IPHONEOS_DEPLOYMENT_TARGET = 15.5;
				MTL_ENABLE_DEBUG_INFO = NO;
				MTL_FAST_MATH = YES;
				SDKROOT = iphoneos;
				SWIFT_COMPILATION_MODE = wholemodule;
				SWIFT_OPTIMIZATION_LEVEL = "-O";
				VALIDATE_PRODUCT = YES;
			};
			name = Release;
		};
		CB49B4EA28DED08400961B92 /* Debug */ = {
			isa = XCBuildConfiguration;
			buildSettings = {
				ASSETCATALOG_COMPILER_APPICON_NAME = AppIcon;
				ASSETCATALOG_COMPILER_GLOBAL_ACCENT_COLOR_NAME = AccentColor;
				CODE_SIGN_STYLE = Automatic;
				CURRENT_PROJECT_VERSION = 1;
				DEVELOPMENT_ASSET_PATHS = "\"fitness/Preview Content\"";
				ENABLE_PREVIEWS = YES;
				GENERATE_INFOPLIST_FILE = YES;
				INFOPLIST_KEY_UIApplicationSceneManifest_Generation = YES;
				INFOPLIST_KEY_UIApplicationSupportsIndirectInputEvents = YES;
				INFOPLIST_KEY_UILaunchScreen_Generation = YES;
				INFOPLIST_KEY_UISupportedInterfaceOrientations_iPad = "UIInterfaceOrientationPortrait UIInterfaceOrientationPortraitUpsideDown UIInterfaceOrientationLandscapeLeft UIInterfaceOrientationLandscapeRight";
				INFOPLIST_KEY_UISupportedInterfaceOrientations_iPhone = "UIInterfaceOrientationPortrait UIInterfaceOrientationLandscapeLeft UIInterfaceOrientationLandscapeRight";
				LD_RUNPATH_SEARCH_PATHS = (
					"$(inherited)",
					"@executable_path/Frameworks",
				);
				MARKETING_VERSION = 1.0;
				PRODUCT_BUNDLE_IDENTIFIER = com.Aalb27.fitness;
				PRODUCT_NAME = "$(TARGET_NAME)";
				SWIFT_EMIT_LOC_STRINGS = YES;
				SWIFT_VERSION = 5.0;
				TARGETED_DEVICE_FAMILY = "1,2";
			};
			name = Debug;
		};
		CB49B4EB28DED08400961B92 /* Release */ = {
			isa = XCBuildConfiguration;
			buildSettings = {
				ASSETCATALOG_COMPILER_APPICON_NAME = AppIcon;
				ASSETCATALOG_COMPILER_GLOBAL_ACCENT_COLOR_NAME = AccentColor;
				CODE_SIGN_STYLE = Automatic;
				CURRENT_PROJECT_VERSION = 1;
				DEVELOPMENT_ASSET_PATHS = "\"fitness/Preview Content\"";
				ENABLE_PREVIEWS = YES;
				GENERATE_INFOPLIST_FILE = YES;
				INFOPLIST_KEY_UIApplicationSceneManifest_Generation = YES;
				INFOPLIST_KEY_UIApplicationSupportsIndirectInputEvents = YES;
				INFOPLIST_KEY_UILaunchScreen_Generation = YES;
				INFOPLIST_KEY_UISupportedInterfaceOrientations_iPad = "UIInterfaceOrientationPortrait UIInterfaceOrientationPortraitUpsideDown UIInterfaceOrientationLandscapeLeft UIInterfaceOrientationLandscapeRight";
				INFOPLIST_KEY_UISupportedInterfaceOrientations_iPhone = "UIInterfaceOrientationPortrait UIInterfaceOrientationLandscapeLeft UIInterfaceOrientationLandscapeRight";
				LD_RUNPATH_SEARCH_PATHS = (
					"$(inherited)",
					"@executable_path/Frameworks",
				);
				MARKETING_VERSION = 1.0;
				PRODUCT_BUNDLE_IDENTIFIER = com.Aalb27.fitness;
				PRODUCT_NAME = "$(TARGET_NAME)";
				SWIFT_EMIT_LOC_STRINGS = YES;
				SWIFT_VERSION = 5.0;
				TARGETED_DEVICE_FAMILY = "1,2";
			};
			name = Release;
		};
/* End XCBuildConfiguration section */

/* Begin XCConfigurationList section */
		CB49B4D628DED08100961B92 /* Build configuration list for PBXProject "fitness" */ = {
			isa = XCConfigurationList;
			buildConfigurations = (
				CB49B4E728DED08400961B92 /* Debug */,
				CB49B4E828DED08400961B92 /* Release */,
			);
			defaultConfigurationIsVisible = 0;
			defaultConfigurationName = Release;
		};
		CB49B4E928DED08400961B92 /* Build configuration list for PBXNativeTarget "fitness" */ = {
			isa = XCConfigurationList;
			buildConfigurations = (
				CB49B4EA28DED08400961B92 /* Debug */,
				CB49B4EB28DED08400961B92 /* Release */,
			);
			defaultConfigurationIsVisible = 0;
			defaultConfigurationName = Release;
		};
/* End XCConfigurationList section */
	};
	rootObject = CB49B4D328DED08100961B92 /* Project object */;
}
